
Microsoft Visual Studio Solution File, Format Version 12.00
# Visual Studio Version 17
VisualStudioVersion = 17.7.34202.233
MinimumVisualStudioVersion = 10.0.40219.1
Project("{FAE04EC0-301F-11D3-BF4B-00C04F79EFBC}") = "örnek proje 1", "örnek proje 1\örnek proje 1.csproj", "{C5551CE9-3F8E-4974-81C6-38880267730A}"
EndProject
Global
	GlobalSection(SolutionConfigurationPlatforms) = preSolution
		Debug|Any CPU = Debug|Any CPU
		Release|Any CPU = Release|Any CPU
	EndGlobalSection
	GlobalSection(ProjectConfigurationPlatforms) = postSolution
		{C5551CE9-3F8E-4974-81C6-38880267730A}.Debug|Any CPU.ActiveCfg = Debug|Any CPU
		{C5551CE9-3F8E-4974-81C6-38880267730A}.Debug|Any CPU.Build.0 = Debug|Any CPU
		{C5551CE9-3F8E-4974-81C6-38880267730A}.Release|Any CPU.ActiveCfg = Release|Any CPU
		{C5551CE9-3F8E-4974-81C6-38880267730A}.Release|Any CPU.Build.0 = Release|Any CPU
	EndGlobalSection
	GlobalSection(SolutionProperties) = preSolution
		HideSolutionNode = FALSE
	EndGlobalSection
	GlobalSection(ExtensibilityGlobals) = postSolution
		SolutionGuid = {22D52041-B992-44C0-BFCB-CAB8BBCB17C7}
	EndGlobalSection
EndGlobal
